// !$*UTF8*$!
{
	archiveVersion = 1;
	classes = {
	};
	objectVersion = 77;
	objects = {

/* Begin PBXBuildFile section */
		E869347D2D96C3B20041F6C2 /* WidgetKit.framework in Frameworks */ = {isa = PBXBuildFile; fileRef = E869347C2D96C3B20041F6C2 /* WidgetKit.framework */; };
		E869347F2D96C3B20041F6C2 /* SwiftUI.framework in Frameworks */ = {isa = PBXBuildFile; fileRef = E869347E2D96C3B20041F6C2 /* SwiftUI.framework */; };
		E869348E2D96C3B30041F6C2 /* SimpleTaskWidgetExtension.appex in Embed Foundation Extensions */ = {isa = PBXBuildFile; fileRef = E869347A2D96C3B20041F6C2 /* SimpleTaskWidgetExtension.appex */; settings = {ATTRIBUTES = (RemoveHeadersOnCopy, ); }; };
/* End PBXBuildFile section */

/* Begin PBXContainerItemProxy section */
		E869348C2D96C3B30041F6C2 /* PBXContainerItemProxy */ = {
			isa = PBXContainerItemProxy;
			containerPortal = E83953E42D3B8FF80097EFA6 /* Project object */;
			proxyType = 1;
			remoteGlobalIDString = E86934792D96C3B20041F6C2;
			remoteInfo = SimpleTaskWidgetExtension;
		};
		E86934E12D9701640041F6C2 /* PBXContainerItemProxy */ = {
			isa = PBXContainerItemProxy;
			containerPortal = E83953E42D3B8FF80097EFA6 /* Project object */;
			proxyType = 1;
			remoteGlobalIDString = E83953EB2D3B8FF80097EFA6;
			remoteInfo = "Simple-Task";
		};
		E86934F12D9823DA0041F6C2 /* PBXContainerItemProxy */ = {
			isa = PBXContainerItemProxy;
			containerPortal = E83953E42D3B8FF80097EFA6 /* Project object */;
			proxyType = 1;
			remoteGlobalIDString = E83953EB2D3B8FF80097EFA6;
			remoteInfo = "Simple-Task";
		};
/* End PBXContainerItemProxy section */

/* Begin PBXCopyFilesBuildPhase section */
		E86934932D96C3B30041F6C2 /* Embed Foundation Extensions */ = {
			isa = PBXCopyFilesBuildPhase;
			buildActionMask = 2147483647;
			dstPath = "";
			dstSubfolderSpec = 13;
			files = (
				E869348E2D96C3B30041F6C2 /* SimpleTaskWidgetExtension.appex in Embed Foundation Extensions */,
			);
			name = "Embed Foundation Extensions";
			runOnlyForDeploymentPostprocessing = 0;
		};
/* End PBXCopyFilesBuildPhase section */

/* Begin PBXFileReference section */
		E83953EC2D3B8FF80097EFA6 /* Simple-Task.app */ = {isa = PBXFileReference; explicitFileType = wrapper.application; includeInIndex = 0; path = "Simple-Task.app"; sourceTree = BUILT_PRODUCTS_DIR; };
		E869347A2D96C3B20041F6C2 /* SimpleTaskWidgetExtension.appex */ = {isa = PBXFileReference; explicitFileType = "wrapper.app-extension"; includeInIndex = 0; path = SimpleTaskWidgetExtension.appex; sourceTree = BUILT_PRODUCTS_DIR; };
		E869347C2D96C3B20041F6C2 /* WidgetKit.framework */ = {isa = PBXFileReference; lastKnownFileType = wrapper.framework; name = WidgetKit.framework; path = System/Library/Frameworks/WidgetKit.framework; sourceTree = SDKROOT; };
		E869347E2D96C3B20041F6C2 /* SwiftUI.framework */ = {isa = PBXFileReference; lastKnownFileType = wrapper.framework; name = SwiftUI.framework; path = System/Library/Frameworks/SwiftUI.framework; sourceTree = SDKROOT; };
		E86934952D96C7BF0041F6C2 /* SimpleTaskWidgetExtension.entitlements */ = {isa = PBXFileReference; lastKnownFileType = text.plist.entitlements; path = SimpleTaskWidgetExtension.entitlements; sourceTree = "<group>"; };
		E86934DD2D9701640041F6C2 /* TaskViewModelTests.swift.xctest */ = {isa = PBXFileReference; explicitFileType = wrapper.cfbundle; includeInIndex = 0; path = TaskViewModelTests.swift.xctest; sourceTree = BUILT_PRODUCTS_DIR; };
		E86934ED2D9823DA0041F6C2 /* NotificationManagerTests.swift.xctest */ = {isa = PBXFileReference; explicitFileType = wrapper.cfbundle; includeInIndex = 0; path = NotificationManagerTests.swift.xctest; sourceTree = BUILT_PRODUCTS_DIR; };
/* End PBXFileReference section */

/* Begin PBXFileSystemSynchronizedBuildFileExceptionSet section */
		E869348F2D96C3B30041F6C2 /* Exceptions for "SimpleTaskWidget" folder in "SimpleTaskWidgetExtension" target */ = {
			isa = PBXFileSystemSynchronizedBuildFileExceptionSet;
			membershipExceptions = (
				Info.plist,
			);
			target = E86934792D96C3B20041F6C2 /* SimpleTaskWidgetExtension */;
		};
		E869349B2D96C9DF0041F6C2 /* Exceptions for "Simple-Task" folder in "SimpleTaskWidgetExtension" target */ = {
			isa = PBXFileSystemSynchronizedBuildFileExceptionSet;
			membershipExceptions = (
				Helper/TaskEntry.swift,
			);
			target = E86934792D96C3B20041F6C2 /* SimpleTaskWidgetExtension */;
		};
		E86934A02D96CB230041F6C2 /* Exceptions for "SimpleTaskWidget" folder in "Simple-Task" target */ = {
			isa = PBXFileSystemSynchronizedBuildFileExceptionSet;
			membershipExceptions = (
				TaskStorageReader.swift,
			);
			target = E83953EB2D3B8FF80097EFA6 /* Simple-Task */;
		};
		E86934FA2D9825E20041F6C2 /* Exceptions for "TaskViewModelTests.swift" folder in "TaskViewModelTests.swift" target */ = {
			isa = PBXFileSystemSynchronizedBuildFileExceptionSet;
			membershipExceptions = (
				"TaskViewModel+Testing.swift",
			);
			target = E86934DC2D9701640041F6C2 /* TaskViewModelTests.swift */;
		};
		E86934FB2D9825E20041F6C2 /* Exceptions for "TaskViewModelTests.swift" folder in "NotificationManagerTests.swift" target */ = {
			isa = PBXFileSystemSynchronizedBuildFileExceptionSet;
			membershipExceptions = (
				"TaskViewModel+Testing.swift",
			);
			target = E86934EC2D9823DA0041F6C2 /* NotificationManagerTests.swift */;
		};
/* End PBXFileSystemSynchronizedBuildFileExceptionSet section */

/* Begin PBXFileSystemSynchronizedRootGroup section */
		E83953EE2D3B8FF80097EFA6 /* Simple-Task */ = {
			isa = PBXFileSystemSynchronizedRootGroup;
			exceptions = (
				E869349B2D96C9DF0041F6C2 /* Exceptions for "Simple-Task" folder in "SimpleTaskWidgetExtension" target */,
			);
			path = "Simple-Task";
			sourceTree = "<group>";
		};
		E86934802D96C3B20041F6C2 /* SimpleTaskWidget */ = {
			isa = PBXFileSystemSynchronizedRootGroup;
			exceptions = (
				E86934A02D96CB230041F6C2 /* Exceptions for "SimpleTaskWidget" folder in "Simple-Task" target */,
				E869348F2D96C3B30041F6C2 /* Exceptions for "SimpleTaskWidget" folder in "SimpleTaskWidgetExtension" target */,
			);
			path = SimpleTaskWidget;
			sourceTree = "<group>";
		};
		E86934DE2D9701640041F6C2 /* TaskViewModelTests.swift */ = {
			isa = PBXFileSystemSynchronizedRootGroup;
			exceptions = (
				E86934FA2D9825E20041F6C2 /* Exceptions for "TaskViewModelTests.swift" folder in "TaskViewModelTests.swift" target */,
				E86934FB2D9825E20041F6C2 /* Exceptions for "TaskViewModelTests.swift" folder in "NotificationManagerTests.swift" target */,
			);
			path = TaskViewModelTests.swift;
			sourceTree = "<group>";
		};
		E86934EE2D9823DA0041F6C2 /* NotificationManagerTests.swift */ = {
			isa = PBXFileSystemSynchronizedRootGroup;
			path = NotificationManagerTests.swift;
			sourceTree = "<group>";
		};
/* End PBXFileSystemSynchronizedRootGroup section */

/* Begin PBXFrameworksBuildPhase section */
		E83953E92D3B8FF80097EFA6 /* Frameworks */ = {
			isa = PBXFrameworksBuildPhase;
			buildActionMask = 2147483647;
			files = (
			);
			runOnlyForDeploymentPostprocessing = 0;
		};
		E86934772D96C3B20041F6C2 /* Frameworks */ = {
			isa = PBXFrameworksBuildPhase;
			buildActionMask = 2147483647;
			files = (
				E869347F2D96C3B20041F6C2 /* SwiftUI.framework in Frameworks */,
				E869347D2D96C3B20041F6C2 /* WidgetKit.framework in Frameworks */,
			);
			runOnlyForDeploymentPostprocessing = 0;
		};
		E86934DA2D9701640041F6C2 /* Frameworks */ = {
			isa = PBXFrameworksBuildPhase;
			buildActionMask = 2147483647;
			files = (
			);
			runOnlyForDeploymentPostprocessing = 0;
		};
		E86934EA2D9823DA0041F6C2 /* Frameworks */ = {
			isa = PBXFrameworksBuildPhase;
			buildActionMask = 2147483647;
			files = (
			);
			runOnlyForDeploymentPostprocessing = 0;
		};
/* End PBXFrameworksBuildPhase section */

/* Begin PBXGroup section */
		E83953E32D3B8FF80097EFA6 = {
			isa = PBXGroup;
			children = (
				E86934952D96C7BF0041F6C2 /* SimpleTaskWidgetExtension.entitlements */,
				E83953EE2D3B8FF80097EFA6 /* Simple-Task */,
				E86934802D96C3B20041F6C2 /* SimpleTaskWidget */,
				E86934DE2D9701640041F6C2 /* TaskViewModelTests.swift */,
				E86934EE2D9823DA0041F6C2 /* NotificationManagerTests.swift */,
				E869347B2D96C3B20041F6C2 /* Frameworks */,
				E83953ED2D3B8FF80097EFA6 /* Products */,
			);
			sourceTree = "<group>";
		};
		E83953ED2D3B8FF80097EFA6 /* Products */ = {
			isa = PBXGroup;
			children = (
				E83953EC2D3B8FF80097EFA6 /* Simple-Task.app */,
				E869347A2D96C3B20041F6C2 /* SimpleTaskWidgetExtension.appex */,
				E86934DD2D9701640041F6C2 /* TaskViewModelTests.swift.xctest */,
				E86934ED2D9823DA0041F6C2 /* NotificationManagerTests.swift.xctest */,
			);
			name = Products;
			sourceTree = "<group>";
		};
		E869347B2D96C3B20041F6C2 /* Frameworks */ = {
			isa = PBXGroup;
			children = (
				E869347C2D96C3B20041F6C2 /* WidgetKit.framework */,
				E869347E2D96C3B20041F6C2 /* SwiftUI.framework */,
			);
			name = Frameworks;
			sourceTree = "<group>";
		};
/* End PBXGroup section */

/* Begin PBXNativeTarget section */
		E83953EB2D3B8FF80097EFA6 /* Simple-Task */ = {
			isa = PBXNativeTarget;
			buildConfigurationList = E83953FA2D3B8FF90097EFA6 /* Build configuration list for PBXNativeTarget "Simple-Task" */;
			buildPhases = (
				E83953E82D3B8FF80097EFA6 /* Sources */,
				E83953E92D3B8FF80097EFA6 /* Frameworks */,
				E83953EA2D3B8FF80097EFA6 /* Resources */,
				E86934932D96C3B30041F6C2 /* Embed Foundation Extensions */,
			);
			buildRules = (
			);
			dependencies = (
				E869348D2D96C3B30041F6C2 /* PBXTargetDependency */,
			);
			fileSystemSynchronizedGroups = (
				E83953EE2D3B8FF80097EFA6 /* Simple-Task */,
			);
			name = "Simple-Task";
			packageProductDependencies = (
			);
			productName = "Simple-Task";
			productReference = E83953EC2D3B8FF80097EFA6 /* Simple-Task.app */;
			productType = "com.apple.product-type.application";
		};
		E86934792D96C3B20041F6C2 /* SimpleTaskWidgetExtension */ = {
			isa = PBXNativeTarget;
			buildConfigurationList = E86934902D96C3B30041F6C2 /* Build configuration list for PBXNativeTarget "SimpleTaskWidgetExtension" */;
			buildPhases = (
				E86934762D96C3B20041F6C2 /* Sources */,
				E86934772D96C3B20041F6C2 /* Frameworks */,
				E86934782D96C3B20041F6C2 /* Resources */,
			);
			buildRules = (
			);
			dependencies = (
			);
			fileSystemSynchronizedGroups = (
				E86934802D96C3B20041F6C2 /* SimpleTaskWidget */,
			);
			name = SimpleTaskWidgetExtension;
			packageProductDependencies = (
			);
			productName = SimpleTaskWidgetExtension;
			productReference = E869347A2D96C3B20041F6C2 /* SimpleTaskWidgetExtension.appex */;
			productType = "com.apple.product-type.app-extension";
		};
		E86934DC2D9701640041F6C2 /* TaskViewModelTests.swift */ = {
			isa = PBXNativeTarget;
			buildConfigurationList = E86934E32D9701640041F6C2 /* Build configuration list for PBXNativeTarget "TaskViewModelTests.swift" */;
			buildPhases = (
				E86934D92D9701640041F6C2 /* Sources */,
				E86934DA2D9701640041F6C2 /* Frameworks */,
				E86934DB2D9701640041F6C2 /* Resources */,
			);
			buildRules = (
			);
			dependencies = (
				E86934E22D9701640041F6C2 /* PBXTargetDependency */,
			);
			fileSystemSynchronizedGroups = (
				E86934DE2D9701640041F6C2 /* TaskViewModelTests.swift */,
			);
			name = TaskViewModelTests.swift;
			packageProductDependencies = (
			);
			productName = TaskViewModelTests.swift;
			productReference = E86934DD2D9701640041F6C2 /* TaskViewModelTests.swift.xctest */;
			productType = "com.apple.product-type.bundle.unit-test";
		};
		E86934EC2D9823DA0041F6C2 /* NotificationManagerTests.swift */ = {
			isa = PBXNativeTarget;
			buildConfigurationList = E86934F32D9823DA0041F6C2 /* Build configuration list for PBXNativeTarget "NotificationManagerTests.swift" */;
			buildPhases = (
				E86934E92D9823DA0041F6C2 /* Sources */,
				E86934EA2D9823DA0041F6C2 /* Frameworks */,
				E86934EB2D9823DA0041F6C2 /* Resources */,
			);
			buildRules = (
			);
			dependencies = (
				E86934F22D9823DA0041F6C2 /* PBXTargetDependency */,
			);
			fileSystemSynchronizedGroups = (
				E86934EE2D9823DA0041F6C2 /* NotificationManagerTests.swift */,
			);
			name = NotificationManagerTests.swift;
			packageProductDependencies = (
			);
			productName = NotificationManagerTests.swift;
			productReference = E86934ED2D9823DA0041F6C2 /* NotificationManagerTests.swift.xctest */;
			productType = "com.apple.product-type.bundle.unit-test";
		};
/* End PBXNativeTarget section */

/* Begin PBXProject section */
		E83953E42D3B8FF80097EFA6 /* Project object */ = {
			isa = PBXProject;
			attributes = {
				BuildIndependentTargetsInParallel = 1;
				LastSwiftUpdateCheck = 1620;
				LastUpgradeCheck = 1600;
				TargetAttributes = {
					E83953EB2D3B8FF80097EFA6 = {
						CreatedOnToolsVersion = 16.0;
					};
					E86934792D96C3B20041F6C2 = {
						CreatedOnToolsVersion = 16.2;
					};
					E86934DC2D9701640041F6C2 = {
						CreatedOnToolsVersion = 16.2;
						TestTargetID = E83953EB2D3B8FF80097EFA6;
					};
					E86934EC2D9823DA0041F6C2 = {
						CreatedOnToolsVersion = 16.2;
						TestTargetID = E83953EB2D3B8FF80097EFA6;
					};
				};
			};
			buildConfigurationList = E83953E72D3B8FF80097EFA6 /* Build configuration list for PBXProject "Simple-Task" */;
			developmentRegion = en;
			hasScannedForEncodings = 0;
			knownRegions = (
				en,
				Base,
			);
			mainGroup = E83953E32D3B8FF80097EFA6;
			minimizedProjectReferenceProxies = 1;
			preferredProjectObjectVersion = 77;
			productRefGroup = E83953ED2D3B8FF80097EFA6 /* Products */;
			projectDirPath = "";
			projectRoot = "";
			targets = (
				E83953EB2D3B8FF80097EFA6 /* Simple-Task */,
				E86934792D96C3B20041F6C2 /* SimpleTaskWidgetExtension */,
				E86934DC2D9701640041F6C2 /* TaskViewModelTests.swift */,
				E86934EC2D9823DA0041F6C2 /* NotificationManagerTests.swift */,
			);
		};
/* End PBXProject section */

/* Begin PBXResourcesBuildPhase section */
		E83953EA2D3B8FF80097EFA6 /* Resources */ = {
			isa = PBXResourcesBuildPhase;
			buildActionMask = 2147483647;
			files = (
			);
			runOnlyForDeploymentPostprocessing = 0;
		};
		E86934782D96C3B20041F6C2 /* Resources */ = {
			isa = PBXResourcesBuildPhase;
			buildActionMask = 2147483647;
			files = (
			);
			runOnlyForDeploymentPostprocessing = 0;
		};
		E86934DB2D9701640041F6C2 /* Resources */ = {
			isa = PBXResourcesBuildPhase;
			buildActionMask = 2147483647;
			files = (
			);
			runOnlyForDeploymentPostprocessing = 0;
		};
		E86934EB2D9823DA0041F6C2 /* Resources */ = {
			isa = PBXResourcesBuildPhase;
			buildActionMask = 2147483647;
			files = (
			);
			runOnlyForDeploymentPostprocessing = 0;
		};
/* End PBXResourcesBuildPhase section */

/* Begin PBXSourcesBuildPhase section */
		E83953E82D3B8FF80097EFA6 /* Sources */ = {
			isa = PBXSourcesBuildPhase;
			buildActionMask = 2147483647;
			files = (
			);
			runOnlyForDeploymentPostprocessing = 0;
		};
		E86934762D96C3B20041F6C2 /* Sources */ = {
			isa = PBXSourcesBuildPhase;
			buildActionMask = 2147483647;
			files = (
			);
			runOnlyForDeploymentPostprocessing = 0;
		};
		E86934D92D9701640041F6C2 /* Sources */ = {
			isa = PBXSourcesBuildPhase;
			buildActionMask = 2147483647;
			files = (
			);
			runOnlyForDeploymentPostprocessing = 0;
		};
		E86934E92D9823DA0041F6C2 /* Sources */ = {
			isa = PBXSourcesBuildPhase;
			buildActionMask = 2147483647;
			files = (
			);
			runOnlyForDeploymentPostprocessing = 0;
		};
/* End PBXSourcesBuildPhase section */

/* Begin PBXTargetDependency section */
		E869348D2D96C3B30041F6C2 /* PBXTargetDependency */ = {
			isa = PBXTargetDependency;
			target = E86934792D96C3B20041F6C2 /* SimpleTaskWidgetExtension */;
			targetProxy = E869348C2D96C3B30041F6C2 /* PBXContainerItemProxy */;
		};
		E86934E22D9701640041F6C2 /* PBXTargetDependency */ = {
			isa = PBXTargetDependency;
			target = E83953EB2D3B8FF80097EFA6 /* Simple-Task */;
			targetProxy = E86934E12D9701640041F6C2 /* PBXContainerItemProxy */;
		};
		E86934F22D9823DA0041F6C2 /* PBXTargetDependency */ = {
			isa = PBXTargetDependency;
			target = E83953EB2D3B8FF80097EFA6 /* Simple-Task */;
			targetProxy = E86934F12D9823DA0041F6C2 /* PBXContainerItemProxy */;
		};
/* End PBXTargetDependency section */

/* Begin XCBuildConfiguration section */
		E83953F82D3B8FF90097EFA6 /* Debug */ = {
			isa = XCBuildConfiguration;
			buildSettings = {
				ALWAYS_SEARCH_USER_PATHS = NO;
				ASSETCATALOG_COMPILER_GENERATE_SWIFT_ASSET_SYMBOL_EXTENSIONS = YES;
				CLANG_ANALYZER_NONNULL = YES;
				CLANG_ANALYZER_NUMBER_OBJECT_CONVERSION = YES_AGGRESSIVE;
				CLANG_CXX_LANGUAGE_STANDARD = "gnu++20";
				CLANG_ENABLE_MODULES = YES;
				CLANG_ENABLE_OBJC_ARC = YES;
				CLANG_ENABLE_OBJC_WEAK = YES;
				CLANG_WARN_BLOCK_CAPTURE_AUTORELEASING = YES;
				CLANG_WARN_BOOL_CONVERSION = YES;
				CLANG_WARN_COMMA = YES;
				CLANG_WARN_CONSTANT_CONVERSION = YES;
				CLANG_WARN_DEPRECATED_OBJC_IMPLEMENTATIONS = YES;
				CLANG_WARN_DIRECT_OBJC_ISA_USAGE = YES_ERROR;
				CLANG_WARN_DOCUMENTATION_COMMENTS = YES;
				CLANG_WARN_EMPTY_BODY = YES;
				CLANG_WARN_ENUM_CONVERSION = YES;
				CLANG_WARN_INFINITE_RECURSION = YES;
				CLANG_WARN_INT_CONVERSION = YES;
				CLANG_WARN_NON_LITERAL_NULL_CONVERSION = YES;
				CLANG_WARN_OBJC_IMPLICIT_RETAIN_SELF = YES;
				CLANG_WARN_OBJC_LITERAL_CONVERSION = YES;
				CLANG_WARN_OBJC_ROOT_CLASS = YES_ERROR;
				CLANG_WARN_QUOTED_INCLUDE_IN_FRAMEWORK_HEADER = YES;
				CLANG_WARN_RANGE_LOOP_ANALYSIS = YES;
				CLANG_WARN_STRICT_PROTOTYPES = YES;
				CLANG_WARN_SUSPICIOUS_MOVE = YES;
				CLANG_WARN_UNGUARDED_AVAILABILITY = YES_AGGRESSIVE;
				CLANG_WARN_UNREACHABLE_CODE = YES;
				CLANG_WARN__DUPLICATE_METHOD_MATCH = YES;
				COPY_PHASE_STRIP = NO;
				DEBUG_INFORMATION_FORMAT = dwarf;
				ENABLE_STRICT_OBJC_MSGSEND = YES;
				ENABLE_TESTABILITY = YES;
				ENABLE_USER_SCRIPT_SANDBOXING = YES;
				GCC_C_LANGUAGE_STANDARD = gnu17;
				GCC_DYNAMIC_NO_PIC = NO;
				GCC_NO_COMMON_BLOCKS = YES;
				GCC_OPTIMIZATION_LEVEL = 0;
				GCC_PREPROCESSOR_DEFINITIONS = (
					"DEBUG=1",
					"$(inherited)",
				);
				GCC_WARN_64_TO_32_BIT_CONVERSION = YES;
				GCC_WARN_ABOUT_RETURN_TYPE = YES_ERROR;
				GCC_WARN_UNDECLARED_SELECTOR = YES;
				GCC_WARN_UNINITIALIZED_AUTOS = YES_AGGRESSIVE;
				GCC_WARN_UNUSED_FUNCTION = YES;
				GCC_WARN_UNUSED_VARIABLE = YES;
				IPHONEOS_DEPLOYMENT_TARGET = 18.0;
				LOCALIZATION_PREFERS_STRING_CATALOGS = YES;
				MTL_ENABLE_DEBUG_INFO = INCLUDE_SOURCE;
				MTL_FAST_MATH = YES;
				ONLY_ACTIVE_ARCH = YES;
				SDKROOT = iphoneos;
				SWIFT_ACTIVE_COMPILATION_CONDITIONS = "DEBUG $(inherited)";
				SWIFT_OPTIMIZATION_LEVEL = "-Onone";
			};
			name = Debug;
		};
		E83953F92D3B8FF90097EFA6 /* Release */ = {
			isa = XCBuildConfiguration;
			buildSettings = {
				ALWAYS_SEARCH_USER_PATHS = NO;
				ASSETCATALOG_COMPILER_GENERATE_SWIFT_ASSET_SYMBOL_EXTENSIONS = YES;
				CLANG_ANALYZER_NONNULL = YES;
				CLANG_ANALYZER_NUMBER_OBJECT_CONVERSION = YES_AGGRESSIVE;
				CLANG_CXX_LANGUAGE_STANDARD = "gnu++20";
				CLANG_ENABLE_MODULES = YES;
				CLANG_ENABLE_OBJC_ARC = YES;
				CLANG_ENABLE_OBJC_WEAK = YES;
				CLANG_WARN_BLOCK_CAPTURE_AUTORELEASING = YES;
				CLANG_WARN_BOOL_CONVERSION = YES;
				CLANG_WARN_COMMA = YES;
				CLANG_WARN_CONSTANT_CONVERSION = YES;
				CLANG_WARN_DEPRECATED_OBJC_IMPLEMENTATIONS = YES;
				CLANG_WARN_DIRECT_OBJC_ISA_USAGE = YES_ERROR;
				CLANG_WARN_DOCUMENTATION_COMMENTS = YES;
				CLANG_WARN_EMPTY_BODY = YES;
				CLANG_WARN_ENUM_CONVERSION = YES;
				CLANG_WARN_INFINITE_RECURSION = YES;
				CLANG_WARN_INT_CONVERSION = YES;
				CLANG_WARN_NON_LITERAL_NULL_CONVERSION = YES;
				CLANG_WARN_OBJC_IMPLICIT_RETAIN_SELF = YES;
				CLANG_WARN_OBJC_LITERAL_CONVERSION = YES;
				CLANG_WARN_OBJC_ROOT_CLASS = YES_ERROR;
				CLANG_WARN_QUOTED_INCLUDE_IN_FRAMEWORK_HEADER = YES;
				CLANG_WARN_RANGE_LOOP_ANALYSIS = YES;
				CLANG_WARN_STRICT_PROTOTYPES = YES;
				CLANG_WARN_SUSPICIOUS_MOVE = YES;
				CLANG_WARN_UNGUARDED_AVAILABILITY = YES_AGGRESSIVE;
				CLANG_WARN_UNREACHABLE_CODE = YES;
				CLANG_WARN__DUPLICATE_METHOD_MATCH = YES;
				COPY_PHASE_STRIP = NO;
				DEBUG_INFORMATION_FORMAT = "dwarf-with-dsym";
				ENABLE_NS_ASSERTIONS = NO;
				ENABLE_STRICT_OBJC_MSGSEND = YES;
				ENABLE_USER_SCRIPT_SANDBOXING = YES;
				GCC_C_LANGUAGE_STANDARD = gnu17;
				GCC_NO_COMMON_BLOCKS = YES;
				GCC_WARN_64_TO_32_BIT_CONVERSION = YES;
				GCC_WARN_ABOUT_RETURN_TYPE = YES_ERROR;
				GCC_WARN_UNDECLARED_SELECTOR = YES;
				GCC_WARN_UNINITIALIZED_AUTOS = YES_AGGRESSIVE;
				GCC_WARN_UNUSED_FUNCTION = YES;
				GCC_WARN_UNUSED_VARIABLE = YES;
				IPHONEOS_DEPLOYMENT_TARGET = 18.0;
				LOCALIZATION_PREFERS_STRING_CATALOGS = YES;
				MTL_ENABLE_DEBUG_INFO = NO;
				MTL_FAST_MATH = YES;
				SDKROOT = iphoneos;
				SWIFT_COMPILATION_MODE = wholemodule;
				VALIDATE_PRODUCT = YES;
			};
			name = Release;
		};
		E83953FB2D3B8FF90097EFA6 /* Debug */ = {
			isa = XCBuildConfiguration;
			buildSettings = {
				ASSETCATALOG_COMPILER_APPICON_NAME = AppIcon;
				ASSETCATALOG_COMPILER_GLOBAL_ACCENT_COLOR_NAME = AccentColor;
				CODE_SIGN_ENTITLEMENTS = "Simple-Task/Simple-Task.entitlements";
				CODE_SIGN_STYLE = Automatic;
				CURRENT_PROJECT_VERSION = 1;
				DEVELOPMENT_ASSET_PATHS = "\"Simple-Task/Preview Content\"";
				DEVELOPMENT_TEAM = 48PCKXTHH4;
				ENABLE_PREVIEWS = YES;
				GENERATE_INFOPLIST_FILE = YES;
				INFOPLIST_KEY_NSCalendarsUsageDescription = "Diese App benötigt Zugriff auf Ihren Kalender, um Aufgaben hinzuzufügen.";
				INFOPLIST_KEY_UIApplicationSceneManifest_Generation = YES;
				INFOPLIST_KEY_UIApplicationSupportsIndirectInputEvents = YES;
				INFOPLIST_KEY_UILaunchScreen_Generation = YES;
				INFOPLIST_KEY_UISupportedInterfaceOrientations_iPad = "UIInterfaceOrientationPortrait UIInterfaceOrientationPortraitUpsideDown UIInterfaceOrientationLandscapeLeft UIInterfaceOrientationLandscapeRight";
				INFOPLIST_KEY_UISupportedInterfaceOrientations_iPhone = "UIInterfaceOrientationPortrait UIInterfaceOrientationLandscapeLeft UIInterfaceOrientationLandscapeRight";
				LD_RUNPATH_SEARCH_PATHS = (
					"$(inherited)",
					"@executable_path/Frameworks",
				);
				MARKETING_VERSION = 1.0;
				PRODUCT_BUNDLE_IDENTIFIER = "patricklanham.Simple-Task";
				PRODUCT_NAME = "$(TARGET_NAME)";
				SWIFT_EMIT_LOC_STRINGS = YES;
				SWIFT_VERSION = 5.0;
				TARGETED_DEVICE_FAMILY = "1,2";
			};
			name = Debug;
		};
		E83953FC2D3B8FF90097EFA6 /* Release */ = {
			isa = XCBuildConfiguration;
			buildSettings = {
				ASSETCATALOG_COMPILER_APPICON_NAME = AppIcon;
				ASSETCATALOG_COMPILER_GLOBAL_ACCENT_COLOR_NAME = AccentColor;
				CODE_SIGN_ENTITLEMENTS = "Simple-Task/Simple-Task.entitlements";
				CODE_SIGN_STYLE = Automatic;
				CURRENT_PROJECT_VERSION = 1;
				DEVELOPMENT_ASSET_PATHS = "\"Simple-Task/Preview Content\"";
				DEVELOPMENT_TEAM = 48PCKXTHH4;
				ENABLE_PREVIEWS = YES;
				GENERATE_INFOPLIST_FILE = YES;
				INFOPLIST_KEY_NSCalendarsUsageDescription = "Diese App benötigt Zugriff auf Ihren Kalender, um Aufgaben hinzuzufügen.";
				INFOPLIST_KEY_UIApplicationSceneManifest_Generation = YES;
				INFOPLIST_KEY_UIApplicationSupportsIndirectInputEvents = YES;
				INFOPLIST_KEY_UILaunchScreen_Generation = YES;
				INFOPLIST_KEY_UISupportedInterfaceOrientations_iPad = "UIInterfaceOrientationPortrait UIInterfaceOrientationPortraitUpsideDown UIInterfaceOrientationLandscapeLeft UIInterfaceOrientationLandscapeRight";
				INFOPLIST_KEY_UISupportedInterfaceOrientations_iPhone = "UIInterfaceOrientationPortrait UIInterfaceOrientationLandscapeLeft UIInterfaceOrientationLandscapeRight";
				LD_RUNPATH_SEARCH_PATHS = (
					"$(inherited)",
					"@executable_path/Frameworks",
				);
				MARKETING_VERSION = 1.0;
				PRODUCT_BUNDLE_IDENTIFIER = "patricklanham.Simple-Task";
				PRODUCT_NAME = "$(TARGET_NAME)";
				SWIFT_EMIT_LOC_STRINGS = YES;
				SWIFT_VERSION = 5.0;
				TARGETED_DEVICE_FAMILY = "1,2";
			};
			name = Release;
		};
		E86934912D96C3B30041F6C2 /* Debug */ = {
			isa = XCBuildConfiguration;
			buildSettings = {
				ASSETCATALOG_COMPILER_GLOBAL_ACCENT_COLOR_NAME = AccentColor;
				ASSETCATALOG_COMPILER_WIDGET_BACKGROUND_COLOR_NAME = WidgetBackground;
				CODE_SIGN_ENTITLEMENTS = SimpleTaskWidgetExtension.entitlements;
				CODE_SIGN_STYLE = Automatic;
				CURRENT_PROJECT_VERSION = 1;
				DEVELOPMENT_TEAM = 48PCKXTHH4;
				GENERATE_INFOPLIST_FILE = YES;
				INFOPLIST_FILE = SimpleTaskWidget/Info.plist;
				INFOPLIST_KEY_CFBundleDisplayName = SimpleTaskWidget;
				INFOPLIST_KEY_NSHumanReadableCopyright = "";
				IPHONEOS_DEPLOYMENT_TARGET = 18.2;
				LD_RUNPATH_SEARCH_PATHS = (
					"$(inherited)",
					"@executable_path/Frameworks",
					"@executable_path/../../Frameworks",
				);
				MARKETING_VERSION = 1.0;
				PRODUCT_BUNDLE_IDENTIFIER = "patricklanham.Simple-Task.SimpleTaskWidget";
				PRODUCT_NAME = "$(TARGET_NAME)";
				SKIP_INSTALL = YES;
				SWIFT_EMIT_LOC_STRINGS = YES;
				SWIFT_VERSION = 5.0;
				TARGETED_DEVICE_FAMILY = "1,2";
			};
			name = Debug;
		};
		E86934922D96C3B30041F6C2 /* Release */ = {
			isa = XCBuildConfiguration;
			buildSettings = {
				ASSETCATALOG_COMPILER_GLOBAL_ACCENT_COLOR_NAME = AccentColor;
				ASSETCATALOG_COMPILER_WIDGET_BACKGROUND_COLOR_NAME = WidgetBackground;
				CODE_SIGN_ENTITLEMENTS = SimpleTaskWidgetExtension.entitlements;
				CODE_SIGN_STYLE = Automatic;
				CURRENT_PROJECT_VERSION = 1;
				DEVELOPMENT_TEAM = 48PCKXTHH4;
				GENERATE_INFOPLIST_FILE = YES;
				INFOPLIST_FILE = SimpleTaskWidget/Info.plist;
				INFOPLIST_KEY_CFBundleDisplayName = SimpleTaskWidget;
				INFOPLIST_KEY_NSHumanReadableCopyright = "";
				IPHONEOS_DEPLOYMENT_TARGET = 18.2;
				LD_RUNPATH_SEARCH_PATHS = (
					"$(inherited)",
					"@executable_path/Frameworks",
					"@executable_path/../../Frameworks",
				);
				MARKETING_VERSION = 1.0;
				PRODUCT_BUNDLE_IDENTIFIER = "patricklanham.Simple-Task.SimpleTaskWidget";
				PRODUCT_NAME = "$(TARGET_NAME)";
				SKIP_INSTALL = YES;
				SWIFT_EMIT_LOC_STRINGS = YES;
				SWIFT_VERSION = 5.0;
				TARGETED_DEVICE_FAMILY = "1,2";
			};
			name = Release;
		};
		E86934E42D9701640041F6C2 /* Debug */ = {
			isa = XCBuildConfiguration;
			buildSettings = {
				BUNDLE_LOADER = "$(TEST_HOST)";
				CODE_SIGN_STYLE = Automatic;
				CURRENT_PROJECT_VERSION = 1;
				DEVELOPMENT_TEAM = 48PCKXTHH4;
				GENERATE_INFOPLIST_FILE = YES;
				IPHONEOS_DEPLOYMENT_TARGET = 18.2;
				MARKETING_VERSION = 1.0;
				PRODUCT_BUNDLE_IDENTIFIER = "patricklanham.Simple-Task.TaskViewModelTests-swift";
				PRODUCT_NAME = "$(TARGET_NAME)";
				SWIFT_EMIT_LOC_STRINGS = NO;
				SWIFT_VERSION = 5.0;
				TARGETED_DEVICE_FAMILY = "1,2";
				TEST_HOST = "$(BUILT_PRODUCTS_DIR)/Simple-Task.app/$(BUNDLE_EXECUTABLE_FOLDER_PATH)/Simple-Task";
			};
			name = Debug;
		};
		E86934E52D9701640041F6C2 /* Release */ = {
			isa = XCBuildConfiguration;
			buildSettings = {
				BUNDLE_LOADER = "$(TEST_HOST)";
				CODE_SIGN_STYLE = Automatic;
				CURRENT_PROJECT_VERSION = 1;
				DEVELOPMENT_TEAM = 48PCKXTHH4;
				GENERATE_INFOPLIST_FILE = YES;
				IPHONEOS_DEPLOYMENT_TARGET = 18.2;
				MARKETING_VERSION = 1.0;
				PRODUCT_BUNDLE_IDENTIFIER = "patricklanham.Simple-Task.TaskViewModelTests-swift";
				PRODUCT_NAME = "$(TARGET_NAME)";
				SWIFT_EMIT_LOC_STRINGS = NO;
				SWIFT_VERSION = 5.0;
				TARGETED_DEVICE_FAMILY = "1,2";
				TEST_HOST = "$(BUILT_PRODUCTS_DIR)/Simple-Task.app/$(BUNDLE_EXECUTABLE_FOLDER_PATH)/Simple-Task";
			};
			name = Release;
		};
		E86934F42D9823DA0041F6C2 /* Debug */ = {
			isa = XCBuildConfiguration;
			buildSettings = {
				BUNDLE_LOADER = "$(TEST_HOST)";
				CODE_SIGN_STYLE = Automatic;
				CURRENT_PROJECT_VERSION = 1;
				DEVELOPMENT_TEAM = 48PCKXTHH4;
				GENERATE_INFOPLIST_FILE = YES;
				IPHONEOS_DEPLOYMENT_TARGET = 18.2;
				MARKETING_VERSION = 1.0;
				PRODUCT_BUNDLE_IDENTIFIER = "patricklanham.Simple-Task.NotificationManagerTests-swift";
				PRODUCT_NAME = "$(TARGET_NAME)";
				SWIFT_EMIT_LOC_STRINGS = NO;
				SWIFT_VERSION = 5.0;
				TARGETED_DEVICE_FAMILY = "1,2";
				TEST_HOST = "$(BUILT_PRODUCTS_DIR)/Simple-Task.app/$(BUNDLE_EXECUTABLE_FOLDER_PATH)/Simple-Task";
			};
			name = Debug;
		};
		E86934F52D9823DA0041F6C2 /* Release */ = {
			isa = XCBuildConfiguration;
			buildSettings = {
				BUNDLE_LOADER = "$(TEST_HOST)";
				CODE_SIGN_STYLE = Automatic;
				CURRENT_PROJECT_VERSION = 1;
				DEVELOPMENT_TEAM = 48PCKXTHH4;
				GENERATE_INFOPLIST_FILE = YES;
				IPHONEOS_DEPLOYMENT_TARGET = 18.2;
				MARKETING_VERSION = 1.0;
				PRODUCT_BUNDLE_IDENTIFIER = "patricklanham.Simple-Task.NotificationManagerTests-swift";
				PRODUCT_NAME = "$(TARGET_NAME)";
				SWIFT_EMIT_LOC_STRINGS = NO;
				SWIFT_VERSION = 5.0;
				TARGETED_DEVICE_FAMILY = "1,2";
				TEST_HOST = "$(BUILT_PRODUCTS_DIR)/Simple-Task.app/$(BUNDLE_EXECUTABLE_FOLDER_PATH)/Simple-Task";
			};
			name = Release;
		};
/* End XCBuildConfiguration section */

/* Begin XCConfigurationList section */
		E83953E72D3B8FF80097EFA6 /* Build configuration list for PBXProject "Simple-Task" */ = {
			isa = XCConfigurationList;
			buildConfigurations = (
				E83953F82D3B8FF90097EFA6 /* Debug */,
				E83953F92D3B8FF90097EFA6 /* Release */,
			);
			defaultConfigurationIsVisible = 0;
			defaultConfigurationName = Release;
		};
		E83953FA2D3B8FF90097EFA6 /* Build configuration list for PBXNativeTarget "Simple-Task" */ = {
			isa = XCConfigurationList;
			buildConfigurations = (
				E83953FB2D3B8FF90097EFA6 /* Debug */,
				E83953FC2D3B8FF90097EFA6 /* Release */,
			);
			defaultConfigurationIsVisible = 0;
			defaultConfigurationName = Release;
		};
		E86934902D96C3B30041F6C2 /* Build configuration list for PBXNativeTarget "SimpleTaskWidgetExtension" */ = {
			isa = XCConfigurationList;
			buildConfigurations = (
				E86934912D96C3B30041F6C2 /* Debug */,
				E86934922D96C3B30041F6C2 /* Release */,
			);
			defaultConfigurationIsVisible = 0;
			defaultConfigurationName = Release;
		};
		E86934E32D9701640041F6C2 /* Build configuration list for PBXNativeTarget "TaskViewModelTests.swift" */ = {
			isa = XCConfigurationList;
			buildConfigurations = (
				E86934E42D9701640041F6C2 /* Debug */,
				E86934E52D9701640041F6C2 /* Release */,
			);
			defaultConfigurationIsVisible = 0;
			defaultConfigurationName = Release;
		};
		E86934F32D9823DA0041F6C2 /* Build configuration list for PBXNativeTarget "NotificationManagerTests.swift" */ = {
			isa = XCConfigurationList;
			buildConfigurations = (
				E86934F42D9823DA0041F6C2 /* Debug */,
				E86934F52D9823DA0041F6C2 /* Release */,
			);
			defaultConfigurationIsVisible = 0;
			defaultConfigurationName = Release;
		};
/* End XCConfigurationList section */
	};
	rootObject = E83953E42D3B8FF80097EFA6 /* Project object */;
}
